
Microsoft Visual Studio Solution File, Format Version 12.00
# Visual Studio 15
VisualStudioVersion = 15.0.26730.12
MinimumVisualStudioVersion = 10.0.40219.1
Project("{9A19103F-16F7-4668-BE54-9A1E7A4F7556}") = "FredBotNETCore", "FredBotNETCore\FredBotNETCore.csproj", "{CDBD37D4-D11E-41DA-9BD3-1182436B649B}"
EndProject
Global
	GlobalSection(SolutionConfigurationPlatforms) = preSolution
		Debug|Any CPU = Debug|Any CPU
		Release|Any CPU = Release|Any CPU
	EndGlobalSection
	GlobalSection(ProjectConfigurationPlatforms) = postSolution
		{CDBD37D4-D11E-41DA-9BD3-1182436B649B}.Debug|Any CPU.ActiveCfg = Debug|Any CPU
		{CDBD37D4-D11E-41DA-9BD3-1182436B649B}.Debug|Any CPU.Build.0 = Debug|Any CPU
		{CDBD37D4-D11E-41DA-9BD3-1182436B649B}.Release|Any CPU.ActiveCfg = Release|Any CPU
		{CDBD37D4-D11E-41DA-9BD3-1182436B649B}.Release|Any CPU.Build.0 = Release|Any CPU
	EndGlobalSection
	GlobalSection(SolutionProperties) = preSolution
		HideSolutionNode = FALSE
	EndGlobalSection
	GlobalSection(ExtensibilityGlobals) = postSolution
		SolutionGuid = {182A4F69-0067-4C15-BEA5-2DA023871176}
	EndGlobalSection
EndGlobal
